// !$*UTF8*$!
{
	archiveVersion = 1;
	classes = {
	};
	objectVersion = 46;
	objects = {

/* Begin PBXBuildFile section */
		7B9FCC0EFE9257491F43BAE2 /* Pods_LoginFacebook.framework in Frameworks */ = {isa = PBXBuildFile; fileRef = 336D8D9A7596D118EB806FED /* Pods_LoginFacebook.framework */; };
		AA250BE11DEE532A002ECBF4 /* AppDelegate.swift in Sources */ = {isa = PBXBuildFile; fileRef = AA250BE01DEE532A002ECBF4 /* AppDelegate.swift */; };
		AA250BE31DEE532A002ECBF4 /* ViewController.swift in Sources */ = {isa = PBXBuildFile; fileRef = AA250BE21DEE532A002ECBF4 /* ViewController.swift */; };
		AA250BE61DEE532A002ECBF4 /* Main.storyboard in Resources */ = {isa = PBXBuildFile; fileRef = AA250BE41DEE532A002ECBF4 /* Main.storyboard */; };
		AA250BE81DEE532A002ECBF4 /* Assets.xcassets in Resources */ = {isa = PBXBuildFile; fileRef = AA250BE71DEE532A002ECBF4 /* Assets.xcassets */; };
		AA250BEB1DEE532A002ECBF4 /* LaunchScreen.storyboard in Resources */ = {isa = PBXBuildFile; fileRef = AA250BE91DEE532A002ECBF4 /* LaunchScreen.storyboard */; };
		AA250BF31DEE666C002ECBF4 /* MyPageController.swift in Sources */ = {isa = PBXBuildFile; fileRef = AA250BF21DEE666C002ECBF4 /* MyPageController.swift */; };
/* End PBXBuildFile section */

/* Begin PBXFileReference section */
		336D8D9A7596D118EB806FED /* Pods_LoginFacebook.framework */ = {isa = PBXFileReference; explicitFileType = wrapper.framework; includeInIndex = 0; path = Pods_LoginFacebook.framework; sourceTree = BUILT_PRODUCTS_DIR; };
		6A5981F2C7B7C7C89507F0C8 /* Pods-LoginFacebook.release.xcconfig */ = {isa = PBXFileReference; includeInIndex = 1; lastKnownFileType = text.xcconfig; name = "Pods-LoginFacebook.release.xcconfig"; path = "Pods/Target Support Files/Pods-LoginFacebook/Pods-LoginFacebook.release.xcconfig"; sourceTree = "<group>"; };
		AA250BDD1DEE532A002ECBF4 /* LoginFacebook.app */ = {isa = PBXFileReference; explicitFileType = wrapper.application; includeInIndex = 0; path = LoginFacebook.app; sourceTree = BUILT_PRODUCTS_DIR; };
		AA250BE01DEE532A002ECBF4 /* AppDelegate.swift */ = {isa = PBXFileReference; lastKnownFileType = sourcecode.swift; path = AppDelegate.swift; sourceTree = "<group>"; };
		AA250BE21DEE532A002ECBF4 /* ViewController.swift */ = {isa = PBXFileReference; lastKnownFileType = sourcecode.swift; path = ViewController.swift; sourceTree = "<group>"; };
		AA250BE51DEE532A002ECBF4 /* Base */ = {isa = PBXFileReference; lastKnownFileType = file.storyboard; name = Base; path = Base.lproj/Main.storyboard; sourceTree = "<group>"; };
		AA250BE71DEE532A002ECBF4 /* Assets.xcassets */ = {isa = PBXFileReference; lastKnownFileType = folder.assetcatalog; path = Assets.xcassets; sourceTree = "<group>"; };
		AA250BEA1DEE532A002ECBF4 /* Base */ = {isa = PBXFileReference; lastKnownFileType = file.storyboard; name = Base; path = Base.lproj/LaunchScreen.storyboard; sourceTree = "<group>"; };
		AA250BEC1DEE532A002ECBF4 /* Info.plist */ = {isa = PBXFileReference; lastKnownFileType = text.plist.xml; path = Info.plist; sourceTree = "<group>"; };
		AA250BF21DEE666C002ECBF4 /* MyPageController.swift */ = {isa = PBXFileReference; fileEncoding = 4; lastKnownFileType = sourcecode.swift; path = MyPageController.swift; sourceTree = "<group>"; };
		E375DFC36B3995ED1613E20F /* Pods-LoginFacebook.debug.xcconfig */ = {isa = PBXFileReference; includeInIndex = 1; lastKnownFileType = text.xcconfig; name = "Pods-LoginFacebook.debug.xcconfig"; path = "Pods/Target Support Files/Pods-LoginFacebook/Pods-LoginFacebook.debug.xcconfig"; sourceTree = "<group>"; };
/* End PBXFileReference section */

/* Begin PBXFrameworksBuildPhase section */
		AA250BDA1DEE532A002ECBF4 /* Frameworks */ = {
			isa = PBXFrameworksBuildPhase;
			buildActionMask = 2147483647;
			files = (
				7B9FCC0EFE9257491F43BAE2 /* Pods_LoginFacebook.framework in Frameworks */,
			);
			runOnlyForDeploymentPostprocessing = 0;
		};
/* End PBXFrameworksBuildPhase section */

/* Begin PBXGroup section */
		79CBF4D16226738151438CDC /* Frameworks */ = {
			isa = PBXGroup;
			children = (
				336D8D9A7596D118EB806FED /* Pods_LoginFacebook.framework */,
			);
			name = Frameworks;
			sourceTree = "<group>";
		};
		AA250BD41DEE532A002ECBF4 = {
			isa = PBXGroup;
			children = (
				AA250BDF1DEE532A002ECBF4 /* LoginFacebook */,
				AA250BDE1DEE532A002ECBF4 /* Products */,
				CD36E5EF19B0EBAA914B2D37 /* Pods */,
				79CBF4D16226738151438CDC /* Frameworks */,
			);
			sourceTree = "<group>";
		};
		AA250BDE1DEE532A002ECBF4 /* Products */ = {
			isa = PBXGroup;
			children = (
				AA250BDD1DEE532A002ECBF4 /* LoginFacebook.app */,
			);
			name = Products;
			sourceTree = "<group>";
		};
		AA250BDF1DEE532A002ECBF4 /* LoginFacebook */ = {
			isa = PBXGroup;
			children = (
				AA250BE01DEE532A002ECBF4 /* AppDelegate.swift */,
				AA250BE21DEE532A002ECBF4 /* ViewController.swift */,
				AA250BE41DEE532A002ECBF4 /* Main.storyboard */,
				AA250BE71DEE532A002ECBF4 /* Assets.xcassets */,
				AA250BE91DEE532A002ECBF4 /* LaunchScreen.storyboard */,
				AA250BEC1DEE532A002ECBF4 /* Info.plist */,
				AA250BF21DEE666C002ECBF4 /* MyPageController.swift */,
			);
			path = LoginFacebook;
			sourceTree = "<group>";
		};
		CD36E5EF19B0EBAA914B2D37 /* Pods */ = {
			isa = PBXGroup;
			children = (
				E375DFC36B3995ED1613E20F /* Pods-LoginFacebook.debug.xcconfig */,
				6A5981F2C7B7C7C89507F0C8 /* Pods-LoginFacebook.release.xcconfig */,
			);
			name = Pods;
			sourceTree = "<group>";
		};
/* End PBXGroup section */

/* Begin PBXNativeTarget section */
		AA250BDC1DEE532A002ECBF4 /* LoginFacebook */ = {
			isa = PBXNativeTarget;
			buildConfigurationList = AA250BEF1DEE532A002ECBF4 /* Build configuration list for PBXNativeTarget "LoginFacebook" */;
			buildPhases = (
				1715FCB682999B7B48F4FFE8 /* [CP] Check Pods Manifest.lock */,
				AA250BD91DEE532A002ECBF4 /* Sources */,
				AA250BDA1DEE532A002ECBF4 /* Frameworks */,
				AA250BDB1DEE532A002ECBF4 /* Resources */,
				CBD5E88F16BB9A10AC7A8701 /* [CP] Embed Pods Frameworks */,
				4963F3625B6FDCB8E1DFAB21 /* [CP] Copy Pods Resources */,
			);
			buildRules = (
			);
			dependencies = (
			);
			name = LoginFacebook;
			productName = LoginFacebook;
			productReference = AA250BDD1DEE532A002ECBF4 /* LoginFacebook.app */;
			productType = "com.apple.product-type.application";
		};
/* End PBXNativeTarget section */

/* Begin PBXProject section */
		AA250BD51DEE532A002ECBF4 /* Project object */ = {
			isa = PBXProject;
			attributes = {
				LastSwiftUpdateCheck = 0810;
				LastUpgradeCheck = 0810;
				ORGANIZATIONNAME = Area51;
				TargetAttributes = {
					AA250BDC1DEE532A002ECBF4 = {
						CreatedOnToolsVersion = 8.1;
						ProvisioningStyle = Automatic;
					};
				};
			};
			buildConfigurationList = AA250BD81DEE532A002ECBF4 /* Build configuration list for PBXProject "LoginFacebook" */;
			compatibilityVersion = "Xcode 3.2";
			developmentRegion = English;
			hasScannedForEncodings = 0;
			knownRegions = (
				en,
				Base,
			);
			mainGroup = AA250BD41DEE532A002ECBF4;
			productRefGroup = AA250BDE1DEE532A002ECBF4 /* Products */;
			projectDirPath = "";
			projectRoot = "";
			targets = (
				AA250BDC1DEE532A002ECBF4 /* LoginFacebook */,
			);
		};
/* End PBXProject section */

/* Begin PBXResourcesBuildPhase section */
		AA250BDB1DEE532A002ECBF4 /* Resources */ = {
			isa = PBXResourcesBuildPhase;
			buildActionMask = 2147483647;
			files = (
				AA250BEB1DEE532A002ECBF4 /* LaunchScreen.storyboard in Resources */,
				AA250BE81DEE532A002ECBF4 /* Assets.xcassets in Resources */,
				AA250BE61DEE532A002ECBF4 /* Main.storyboard in Resources */,
			);
			runOnlyForDeploymentPostprocessing = 0;
		};
/* End PBXResourcesBuildPhase section */

/* Begin PBXShellScriptBuildPhase section */
		1715FCB682999B7B48F4FFE8 /* [CP] Check Pods Manifest.lock */ = {
			isa = PBXShellScriptBuildPhase;
			buildActionMask = 2147483647;
			files = (
			);
			inputPaths = (
			);
			name = "[CP] Check Pods Manifest.lock";
			outputPaths = (
			);
			runOnlyForDeploymentPostprocessing = 0;
			shellPath = /bin/sh;
			shellScript = "diff \"${PODS_ROOT}/../Podfile.lock\" \"${PODS_ROOT}/Manifest.lock\" > /dev/null\nif [ $? != 0 ] ; then\n    # print error to STDERR\n    echo \"error: The sandbox is not in sync with the Podfile.lock. Run 'pod install' or update your CocoaPods installation.\" >&2\n    exit 1\nfi\n";
			showEnvVarsInLog = 0;
		};
		4963F3625B6FDCB8E1DFAB21 /* [CP] Copy Pods Resources */ = {
			isa = PBXShellScriptBuildPhase;
			buildActionMask = 2147483647;
			files = (
			);
			inputPaths = (
			);
			name = "[CP] Copy Pods Resources";
			outputPaths = (
			);
			runOnlyForDeploymentPostprocessing = 0;
			shellPath = /bin/sh;
			shellScript = "\"${SRCROOT}/Pods/Target Support Files/Pods-LoginFacebook/Pods-LoginFacebook-resources.sh\"\n";
			showEnvVarsInLog = 0;
		};
		CBD5E88F16BB9A10AC7A8701 /* [CP] Embed Pods Frameworks */ = {
			isa = PBXShellScriptBuildPhase;
			buildActionMask = 2147483647;
			files = (
			);
			inputPaths = (
			);
			name = "[CP] Embed Pods Frameworks";
			outputPaths = (
			);
			runOnlyForDeploymentPostprocessing = 0;
			shellPath = /bin/sh;
			shellScript = "\"${SRCROOT}/Pods/Target Support Files/Pods-LoginFacebook/Pods-LoginFacebook-frameworks.sh\"\n";
			showEnvVarsInLog = 0;
		};
/* End PBXShellScriptBuildPhase section */

/* Begin PBXSourcesBuildPhase section */
		AA250BD91DEE532A002ECBF4 /* Sources */ = {
			isa = PBXSourcesBuildPhase;
			buildActionMask = 2147483647;
			files = (
				AA250BF31DEE666C002ECBF4 /* MyPageController.swift in Sources */,
				AA250BE31DEE532A002ECBF4 /* ViewController.swift in Sources */,
				AA250BE11DEE532A002ECBF4 /* AppDelegate.swift in Sources */,
			);
			runOnlyForDeploymentPostprocessing = 0;
		};
/* End PBXSourcesBuildPhase section */

/* Begin PBXVariantGroup section */
		AA250BE41DEE532A002ECBF4 /* Main.storyboard */ = {
			isa = PBXVariantGroup;
			children = (
				AA250BE51DEE532A002ECBF4 /* Base */,
			);
			name = Main.storyboard;
			sourceTree = "<group>";
		};
		AA250BE91DEE532A002ECBF4 /* LaunchScreen.storyboard */ = {
			isa = PBXVariantGroup;
			children = (
				AA250BEA1DEE532A002ECBF4 /* Base */,
			);
			name = LaunchScreen.storyboard;
			sourceTree = "<group>";
		};
/* End PBXVariantGroup section */

/* Begin XCBuildConfiguration section */
		AA250BED1DEE532A002ECBF4 /* Debug */ = {
			isa = XCBuildConfiguration;
			buildSettings = {
				ALWAYS_SEARCH_USER_PATHS = NO;
				CLANG_ANALYZER_NONNULL = YES;
				CLANG_CXX_LANGUAGE_STANDARD = "gnu++0x";
				CLANG_CXX_LIBRARY = "libc++";
				CLANG_ENABLE_MODULES = YES;
				CLANG_ENABLE_OBJC_ARC = YES;
				CLANG_WARN_BOOL_CONVERSION = YES;
				CLANG_WARN_CONSTANT_CONVERSION = YES;
				CLANG_WARN_DIRECT_OBJC_ISA_USAGE = YES_ERROR;
				CLANG_WARN_DOCUMENTATION_COMMENTS = YES;
				CLANG_WARN_EMPTY_BODY = YES;
				CLANG_WARN_ENUM_CONVERSION = YES;
				CLANG_WARN_INFINITE_RECURSION = YES;
				CLANG_WARN_INT_CONVERSION = YES;
				CLANG_WARN_OBJC_ROOT_CLASS = YES_ERROR;
				CLANG_WARN_SUSPICIOUS_MOVES = YES;
				CLANG_WARN_UNREACHABLE_CODE = YES;
				CLANG_WARN__DUPLICATE_METHOD_MATCH = YES;
				"CODE_SIGN_IDENTITY[sdk=iphoneos*]" = "iPhone Developer";
				COPY_PHASE_STRIP = NO;
				DEBUG_INFORMATION_FORMAT = dwarf;
				ENABLE_STRICT_OBJC_MSGSEND = YES;
				ENABLE_TESTABILITY = YES;
				GCC_C_LANGUAGE_STANDARD = gnu99;
				GCC_DYNAMIC_NO_PIC = NO;
				GCC_NO_COMMON_BLOCKS = YES;
				GCC_OPTIMIZATION_LEVEL = 0;
				GCC_PREPROCESSOR_DEFINITIONS = (
					"DEBUG=1",
					"$(inherited)",
				);
				GCC_WARN_64_TO_32_BIT_CONVERSION = YES;
				GCC_WARN_ABOUT_RETURN_TYPE = YES_ERROR;
				GCC_WARN_UNDECLARED_SELECTOR = YES;
				GCC_WARN_UNINITIALIZED_AUTOS = YES_AGGRESSIVE;
				GCC_WARN_UNUSED_FUNCTION = YES;
				GCC_WARN_UNUSED_VARIABLE = YES;
				IPHONEOS_DEPLOYMENT_TARGET = 10.1;
				MTL_ENABLE_DEBUG_INFO = YES;
				ONLY_ACTIVE_ARCH = YES;
				SDKROOT = iphoneos;
				SWIFT_ACTIVE_COMPILATION_CONDITIONS = DEBUG;
				SWIFT_OPTIMIZATION_LEVEL = "-Onone";
			};
			name = Debug;
		};
		AA250BEE1DEE532A002ECBF4 /* Release */ = {
			isa = XCBuildConfiguration;
			buildSettings = {
				ALWAYS_SEARCH_USER_PATHS = NO;
				CLANG_ANALYZER_NONNULL = YES;
				CLANG_CXX_LANGUAGE_STANDARD = "gnu++0x";
				CLANG_CXX_LIBRARY = "libc++";
				CLANG_ENABLE_MODULES = YES;
				CLANG_ENABLE_OBJC_ARC = YES;
				CLANG_WARN_BOOL_CONVERSION = YES;
				CLANG_WARN_CONSTANT_CONVERSION = YES;
				CLANG_WARN_DIRECT_OBJC_ISA_USAGE = YES_ERROR;
				CLANG_WARN_DOCUMENTATION_COMMENTS = YES;
				CLANG_WARN_EMPTY_BODY = YES;
				CLANG_WARN_ENUM_CONVERSION = YES;
				CLANG_WARN_INFINITE_RECURSION = YES;
				CLANG_WARN_INT_CONVERSION = YES;
				CLANG_WARN_OBJC_ROOT_CLASS = YES_ERROR;
				CLANG_WARN_SUSPICIOUS_MOVES = YES;
				CLANG_WARN_UNREACHABLE_CODE = YES;
				CLANG_WARN__DUPLICATE_METHOD_MATCH = YES;
				"CODE_SIGN_IDENTITY[sdk=iphoneos*]" = "iPhone Developer";
				COPY_PHASE_STRIP = NO;
				DEBUG_INFORMATION_FORMAT = "dwarf-with-dsym";
				ENABLE_NS_ASSERTIONS = NO;
				ENABLE_STRICT_OBJC_MSGSEND = YES;
				GCC_C_LANGUAGE_STANDARD = gnu99;
				GCC_NO_COMMON_BLOCKS = YES;
				GCC_WARN_64_TO_32_BIT_CONVERSION = YES;
				GCC_WARN_ABOUT_RETURN_TYPE = YES_ERROR;
				GCC_WARN_UNDECLARED_SELECTOR = YES;
				GCC_WARN_UNINITIALIZED_AUTOS = YES_AGGRESSIVE;
				GCC_WARN_UNUSED_FUNCTION = YES;
				GCC_WARN_UNUSED_VARIABLE = YES;
				IPHONEOS_DEPLOYMENT_TARGET = 10.1;
				MTL_ENABLE_DEBUG_INFO = NO;
				SDKROOT = iphoneos;
				SWIFT_OPTIMIZATION_LEVEL = "-Owholemodule";
				VALIDATE_PRODUCT = YES;
			};
			name = Release;
		};
		AA250BF01DEE532A002ECBF4 /* Debug */ = {
			isa = XCBuildConfiguration;
			baseConfigurationReference = E375DFC36B3995ED1613E20F /* Pods-LoginFacebook.debug.xcconfig */;
			buildSettings = {
				ASSETCATALOG_COMPILER_APPICON_NAME = AppIcon;
				INFOPLIST_FILE = LoginFacebook/Info.plist;
				LD_RUNPATH_SEARCH_PATHS = "$(inherited) @executable_path/Frameworks";
				PRODUCT_BUNDLE_IDENTIFIER = com.davidvpe.LoginFacebook;
				PRODUCT_NAME = "$(TARGET_NAME)";
				SWIFT_VERSION = 3.0;
			};
			name = Debug;
		};
		AA250BF11DEE532A002ECBF4 /* Release */ = {
			isa = XCBuildConfiguration;
			baseConfigurationReference = 6A5981F2C7B7C7C89507F0C8 /* Pods-LoginFacebook.release.xcconfig */;
			buildSettings = {
				ASSETCATALOG_COMPILER_APPICON_NAME = AppIcon;
				INFOPLIST_FILE = LoginFacebook/Info.plist;
				LD_RUNPATH_SEARCH_PATHS = "$(inherited) @executable_path/Frameworks";
				PRODUCT_BUNDLE_IDENTIFIER = com.davidvpe.LoginFacebook;
				PRODUCT_NAME = "$(TARGET_NAME)";
				SWIFT_VERSION = 3.0;
			};
			name = Release;
		};
/* End XCBuildConfiguration section */

/* Begin XCConfigurationList section */
		AA250BD81DEE532A002ECBF4 /* Build configuration list for PBXProject "LoginFacebook" */ = {
			isa = XCConfigurationList;
			buildConfigurations = (
				AA250BED1DEE532A002ECBF4 /* Debug */,
				AA250BEE1DEE532A002ECBF4 /* Release */,
			);
			defaultConfigurationIsVisible = 0;
			defaultConfigurationName = Release;
		};
		AA250BEF1DEE532A002ECBF4 /* Build configuration list for PBXNativeTarget "LoginFacebook" */ = {
			isa = XCConfigurationList;
			buildConfigurations = (
				AA250BF01DEE532A002ECBF4 /* Debug */,
				AA250BF11DEE532A002ECBF4 /* Release */,
			);
			defaultConfigurationIsVisible = 0;
			defaultConfigurationName = Release;
		};
/* End XCConfigurationList section */
	};
	rootObject = AA250BD51DEE532A002ECBF4 /* Project object */;
}
