// !$*UTF8*$!
{
	archiveVersion = 1;
	classes = {
	};
	objectVersion = 46;
	objects = {

/* Begin PBXBuildFile section */
		AA208F141DB065B00040080F /* AppDelegate.swift in Sources */ = {isa = PBXBuildFile; fileRef = AA208F131DB065B00040080F /* AppDelegate.swift */; };
		AA208F161DB065B00040080F /* ViewController.swift in Sources */ = {isa = PBXBuildFile; fileRef = AA208F151DB065B00040080F /* ViewController.swift */; };
		AA208F191DB065B00040080F /* Main.storyboard in Resources */ = {isa = PBXBuildFile; fileRef = AA208F171DB065B00040080F /* Main.storyboard */; };
		AA208F1B1DB065B00040080F /* Assets.xcassets in Resources */ = {isa = PBXBuildFile; fileRef = AA208F1A1DB065B00040080F /* Assets.xcassets */; };
		AA208F1E1DB065B00040080F /* LaunchScreen.storyboard in Resources */ = {isa = PBXBuildFile; fileRef = AA208F1C1DB065B00040080F /* LaunchScreen.storyboard */; };
/* End PBXBuildFile section */

/* Begin PBXFileReference section */
		AA208F101DB065B00040080F /* Sesion1Modulo1.app */ = {isa = PBXFileReference; explicitFileType = wrapper.application; includeInIndex = 0; path = Sesion1Modulo1.app; sourceTree = BUILT_PRODUCTS_DIR; };
		AA208F131DB065B00040080F /* AppDelegate.swift */ = {isa = PBXFileReference; lastKnownFileType = sourcecode.swift; path = AppDelegate.swift; sourceTree = "<group>"; };
		AA208F151DB065B00040080F /* ViewController.swift */ = {isa = PBXFileReference; lastKnownFileType = sourcecode.swift; path = ViewController.swift; sourceTree = "<group>"; };
		AA208F181DB065B00040080F /* Base */ = {isa = PBXFileReference; lastKnownFileType = file.storyboard; name = Base; path = Base.lproj/Main.storyboard; sourceTree = "<group>"; };
		AA208F1A1DB065B00040080F /* Assets.xcassets */ = {isa = PBXFileReference; lastKnownFileType = folder.assetcatalog; path = Assets.xcassets; sourceTree = "<group>"; };
		AA208F1D1DB065B00040080F /* Base */ = {isa = PBXFileReference; lastKnownFileType = file.storyboard; name = Base; path = Base.lproj/LaunchScreen.storyboard; sourceTree = "<group>"; };
		AA208F1F1DB065B00040080F /* Info.plist */ = {isa = PBXFileReference; lastKnownFileType = text.plist.xml; path = Info.plist; sourceTree = "<group>"; };
/* End PBXFileReference section */

/* Begin PBXFrameworksBuildPhase section */
		AA208F0D1DB065B00040080F /* Frameworks */ = {
			isa = PBXFrameworksBuildPhase;
			buildActionMask = 2147483647;
			files = (
			);
			runOnlyForDeploymentPostprocessing = 0;
		};
/* End PBXFrameworksBuildPhase section */

/* Begin PBXGroup section */
		AA208F071DB065B00040080F = {
			isa = PBXGroup;
			children = (
				AA208F121DB065B00040080F /* Sesion1Modulo1 */,
				AA208F111DB065B00040080F /* Products */,
			);
			sourceTree = "<group>";
		};
		AA208F111DB065B00040080F /* Products */ = {
			isa = PBXGroup;
			children = (
				AA208F101DB065B00040080F /* Sesion1Modulo1.app */,
			);
			name = Products;
			sourceTree = "<group>";
		};
		AA208F121DB065B00040080F /* Sesion1Modulo1 */ = {
			isa = PBXGroup;
			children = (
				AA208F131DB065B00040080F /* AppDelegate.swift */,
				AA208F151DB065B00040080F /* ViewController.swift */,
				AA208F171DB065B00040080F /* Main.storyboard */,
				AA208F1A1DB065B00040080F /* Assets.xcassets */,
				AA208F1C1DB065B00040080F /* LaunchScreen.storyboard */,
				AA208F1F1DB065B00040080F /* Info.plist */,
			);
			path = Sesion1Modulo1;
			sourceTree = "<group>";
		};
/* End PBXGroup section */

/* Begin PBXNativeTarget section */
		AA208F0F1DB065B00040080F /* Sesion1Modulo1 */ = {
			isa = PBXNativeTarget;
			buildConfigurationList = AA208F221DB065B00040080F /* Build configuration list for PBXNativeTarget "Sesion1Modulo1" */;
			buildPhases = (
				AA208F0C1DB065B00040080F /* Sources */,
				AA208F0D1DB065B00040080F /* Frameworks */,
				AA208F0E1DB065B00040080F /* Resources */,
			);
			buildRules = (
			);
			dependencies = (
			);
			name = Sesion1Modulo1;
			productName = Sesion1Modulo1;
			productReference = AA208F101DB065B00040080F /* Sesion1Modulo1.app */;
			productType = "com.apple.product-type.application";
		};
/* End PBXNativeTarget section */

/* Begin PBXProject section */
		AA208F081DB065B00040080F /* Project object */ = {
			isa = PBXProject;
			attributes = {
				LastSwiftUpdateCheck = 0800;
				LastUpgradeCheck = 0800;
				ORGANIZATIONNAME = Area51;
				TargetAttributes = {
					AA208F0F1DB065B00040080F = {
						CreatedOnToolsVersion = 8.0;
						DevelopmentTeam = X65LH7GE22;
						ProvisioningStyle = Automatic;
					};
				};
			};
			buildConfigurationList = AA208F0B1DB065B00040080F /* Build configuration list for PBXProject "Sesion1Modulo1" */;
			compatibilityVersion = "Xcode 3.2";
			developmentRegion = English;
			hasScannedForEncodings = 0;
			knownRegions = (
				en,
				Base,
			);
			mainGroup = AA208F071DB065B00040080F;
			productRefGroup = AA208F111DB065B00040080F /* Products */;
			projectDirPath = "";
			projectRoot = "";
			targets = (
				AA208F0F1DB065B00040080F /* Sesion1Modulo1 */,
			);
		};
/* End PBXProject section */

/* Begin PBXResourcesBuildPhase section */
		AA208F0E1DB065B00040080F /* Resources */ = {
			isa = PBXResourcesBuildPhase;
			buildActionMask = 2147483647;
			files = (
				AA208F1E1DB065B00040080F /* LaunchScreen.storyboard in Resources */,
				AA208F1B1DB065B00040080F /* Assets.xcassets in Resources */,
				AA208F191DB065B00040080F /* Main.storyboard in Resources */,
			);
			runOnlyForDeploymentPostprocessing = 0;
		};
/* End PBXResourcesBuildPhase section */

/* Begin PBXSourcesBuildPhase section */
		AA208F0C1DB065B00040080F /* Sources */ = {
			isa = PBXSourcesBuildPhase;
			buildActionMask = 2147483647;
			files = (
				AA208F161DB065B00040080F /* ViewController.swift in Sources */,
				AA208F141DB065B00040080F /* AppDelegate.swift in Sources */,
			);
			runOnlyForDeploymentPostprocessing = 0;
		};
/* End PBXSourcesBuildPhase section */

/* Begin PBXVariantGroup section */
		AA208F171DB065B00040080F /* Main.storyboard */ = {
			isa = PBXVariantGroup;
			children = (
				AA208F181DB065B00040080F /* Base */,
			);
			name = Main.storyboard;
			sourceTree = "<group>";
		};
		AA208F1C1DB065B00040080F /* LaunchScreen.storyboard */ = {
			isa = PBXVariantGroup;
			children = (
				AA208F1D1DB065B00040080F /* Base */,
			);
			name = LaunchScreen.storyboard;
			sourceTree = "<group>";
		};
/* End PBXVariantGroup section */

/* Begin XCBuildConfiguration section */
		AA208F201DB065B00040080F /* Debug */ = {
			isa = XCBuildConfiguration;
			buildSettings = {
				ALWAYS_SEARCH_USER_PATHS = NO;
				CLANG_ANALYZER_NONNULL = YES;
				CLANG_CXX_LANGUAGE_STANDARD = "gnu++0x";
				CLANG_CXX_LIBRARY = "libc++";
				CLANG_ENABLE_MODULES = YES;
				CLANG_ENABLE_OBJC_ARC = YES;
				CLANG_WARN_BOOL_CONVERSION = YES;
				CLANG_WARN_CONSTANT_CONVERSION = YES;
				CLANG_WARN_DIRECT_OBJC_ISA_USAGE = YES_ERROR;
				CLANG_WARN_DOCUMENTATION_COMMENTS = YES;
				CLANG_WARN_EMPTY_BODY = YES;
				CLANG_WARN_ENUM_CONVERSION = YES;
				CLANG_WARN_INFINITE_RECURSION = YES;
				CLANG_WARN_INT_CONVERSION = YES;
				CLANG_WARN_OBJC_ROOT_CLASS = YES_ERROR;
				CLANG_WARN_SUSPICIOUS_MOVES = YES;
				CLANG_WARN_UNREACHABLE_CODE = YES;
				CLANG_WARN__DUPLICATE_METHOD_MATCH = YES;
				"CODE_SIGN_IDENTITY[sdk=iphoneos*]" = "iPhone Developer";
				COPY_PHASE_STRIP = NO;
				DEBUG_INFORMATION_FORMAT = dwarf;
				ENABLE_STRICT_OBJC_MSGSEND = YES;
				ENABLE_TESTABILITY = YES;
				GCC_C_LANGUAGE_STANDARD = gnu99;
				GCC_DYNAMIC_NO_PIC = NO;
				GCC_NO_COMMON_BLOCKS = YES;
				GCC_OPTIMIZATION_LEVEL = 0;
				GCC_PREPROCESSOR_DEFINITIONS = (
					"DEBUG=1",
					"$(inherited)",
				);
				GCC_WARN_64_TO_32_BIT_CONVERSION = YES;
				GCC_WARN_ABOUT_RETURN_TYPE = YES_ERROR;
				GCC_WARN_UNDECLARED_SELECTOR = YES;
				GCC_WARN_UNINITIALIZED_AUTOS = YES_AGGRESSIVE;
				GCC_WARN_UNUSED_FUNCTION = YES;
				GCC_WARN_UNUSED_VARIABLE = YES;
				IPHONEOS_DEPLOYMENT_TARGET = 10.0;
				MTL_ENABLE_DEBUG_INFO = YES;
				ONLY_ACTIVE_ARCH = YES;
				SDKROOT = iphoneos;
				SWIFT_ACTIVE_COMPILATION_CONDITIONS = DEBUG;
				SWIFT_OPTIMIZATION_LEVEL = "-Onone";
			};
			name = Debug;
		};
		AA208F211DB065B00040080F /* Release */ = {
			isa = XCBuildConfiguration;
			buildSettings = {
				ALWAYS_SEARCH_USER_PATHS = NO;
				CLANG_ANALYZER_NONNULL = YES;
				CLANG_CXX_LANGUAGE_STANDARD = "gnu++0x";
				CLANG_CXX_LIBRARY = "libc++";
				CLANG_ENABLE_MODULES = YES;
				CLANG_ENABLE_OBJC_ARC = YES;
				CLANG_WARN_BOOL_CONVERSION = YES;
				CLANG_WARN_CONSTANT_CONVERSION = YES;
				CLANG_WARN_DIRECT_OBJC_ISA_USAGE = YES_ERROR;
				CLANG_WARN_DOCUMENTATION_COMMENTS = YES;
				CLANG_WARN_EMPTY_BODY = YES;
				CLANG_WARN_ENUM_CONVERSION = YES;
				CLANG_WARN_INFINITE_RECURSION = YES;
				CLANG_WARN_INT_CONVERSION = YES;
				CLANG_WARN_OBJC_ROOT_CLASS = YES_ERROR;
				CLANG_WARN_SUSPICIOUS_MOVES = YES;
				CLANG_WARN_UNREACHABLE_CODE = YES;
				CLANG_WARN__DUPLICATE_METHOD_MATCH = YES;
				"CODE_SIGN_IDENTITY[sdk=iphoneos*]" = "iPhone Developer";
				COPY_PHASE_STRIP = NO;
				DEBUG_INFORMATION_FORMAT = "dwarf-with-dsym";
				ENABLE_NS_ASSERTIONS = NO;
				ENABLE_STRICT_OBJC_MSGSEND = YES;
				GCC_C_LANGUAGE_STANDARD = gnu99;
				GCC_NO_COMMON_BLOCKS = YES;
				GCC_WARN_64_TO_32_BIT_CONVERSION = YES;
				GCC_WARN_ABOUT_RETURN_TYPE = YES_ERROR;
				GCC_WARN_UNDECLARED_SELECTOR = YES;
				GCC_WARN_UNINITIALIZED_AUTOS = YES_AGGRESSIVE;
				GCC_WARN_UNUSED_FUNCTION = YES;
				GCC_WARN_UNUSED_VARIABLE = YES;
				IPHONEOS_DEPLOYMENT_TARGET = 10.0;
				MTL_ENABLE_DEBUG_INFO = NO;
				SDKROOT = iphoneos;
				SWIFT_OPTIMIZATION_LEVEL = "-Owholemodule";
				VALIDATE_PRODUCT = YES;
			};
			name = Release;
		};
		AA208F231DB065B00040080F /* Debug */ = {
			isa = XCBuildConfiguration;
			buildSettings = {
				ASSETCATALOG_COMPILER_APPICON_NAME = AppIcon;
				DEVELOPMENT_TEAM = X65LH7GE22;
				INFOPLIST_FILE = Sesion1Modulo1/Info.plist;
				LD_RUNPATH_SEARCH_PATHS = "$(inherited) @executable_path/Frameworks";
				PRODUCT_BUNDLE_IDENTIFIER = com.davidvpe.Sesion1Modulo1;
				PRODUCT_NAME = "$(TARGET_NAME)";
				SWIFT_VERSION = 3.0;
			};
			name = Debug;
		};
		AA208F241DB065B00040080F /* Release */ = {
			isa = XCBuildConfiguration;
			buildSettings = {
				ASSETCATALOG_COMPILER_APPICON_NAME = AppIcon;
				DEVELOPMENT_TEAM = X65LH7GE22;
				INFOPLIST_FILE = Sesion1Modulo1/Info.plist;
				LD_RUNPATH_SEARCH_PATHS = "$(inherited) @executable_path/Frameworks";
				PRODUCT_BUNDLE_IDENTIFIER = com.davidvpe.Sesion1Modulo1;
				PRODUCT_NAME = "$(TARGET_NAME)";
				SWIFT_VERSION = 3.0;
			};
			name = Release;
		};
/* End XCBuildConfiguration section */

/* Begin XCConfigurationList section */
		AA208F0B1DB065B00040080F /* Build configuration list for PBXProject "Sesion1Modulo1" */ = {
			isa = XCConfigurationList;
			buildConfigurations = (
				AA208F201DB065B00040080F /* Debug */,
				AA208F211DB065B00040080F /* Release */,
			);
			defaultConfigurationIsVisible = 0;
			defaultConfigurationName = Release;
		};
		AA208F221DB065B00040080F /* Build configuration list for PBXNativeTarget "Sesion1Modulo1" */ = {
			isa = XCConfigurationList;
			buildConfigurations = (
				AA208F231DB065B00040080F /* Debug */,
				AA208F241DB065B00040080F /* Release */,
			);
			defaultConfigurationIsVisible = 0;
		};
/* End XCConfigurationList section */
	};
	rootObject = AA208F081DB065B00040080F /* Project object */;
}
