// !$*UTF8*$!
{
	archiveVersion = 1;
	classes = {
	};
	objectVersion = 46;
	objects = {

/* Begin PBXBuildFile section */
		AAE2DE641DB6E40A00476591 /* AppDelegate.swift in Sources */ = {isa = PBXBuildFile; fileRef = AAE2DE631DB6E40A00476591 /* AppDelegate.swift */; };
		AAE2DE661DB6E40A00476591 /* ViewController.swift in Sources */ = {isa = PBXBuildFile; fileRef = AAE2DE651DB6E40A00476591 /* ViewController.swift */; };
		AAE2DE691DB6E40A00476591 /* Main.storyboard in Resources */ = {isa = PBXBuildFile; fileRef = AAE2DE671DB6E40A00476591 /* Main.storyboard */; };
		AAE2DE6B1DB6E40A00476591 /* Assets.xcassets in Resources */ = {isa = PBXBuildFile; fileRef = AAE2DE6A1DB6E40A00476591 /* Assets.xcassets */; };
		AAE2DE6E1DB6E40A00476591 /* LaunchScreen.storyboard in Resources */ = {isa = PBXBuildFile; fileRef = AAE2DE6C1DB6E40A00476591 /* LaunchScreen.storyboard */; };
/* End PBXBuildFile section */

/* Begin PBXFileReference section */
		AAE2DE601DB6E40A00476591 /* Sesion2Modulo1.app */ = {isa = PBXFileReference; explicitFileType = wrapper.application; includeInIndex = 0; path = Sesion2Modulo1.app; sourceTree = BUILT_PRODUCTS_DIR; };
		AAE2DE631DB6E40A00476591 /* AppDelegate.swift */ = {isa = PBXFileReference; lastKnownFileType = sourcecode.swift; path = AppDelegate.swift; sourceTree = "<group>"; };
		AAE2DE651DB6E40A00476591 /* ViewController.swift */ = {isa = PBXFileReference; lastKnownFileType = sourcecode.swift; path = ViewController.swift; sourceTree = "<group>"; };
		AAE2DE681DB6E40A00476591 /* Base */ = {isa = PBXFileReference; lastKnownFileType = file.storyboard; name = Base; path = Base.lproj/Main.storyboard; sourceTree = "<group>"; };
		AAE2DE6A1DB6E40A00476591 /* Assets.xcassets */ = {isa = PBXFileReference; lastKnownFileType = folder.assetcatalog; path = Assets.xcassets; sourceTree = "<group>"; };
		AAE2DE6D1DB6E40A00476591 /* Base */ = {isa = PBXFileReference; lastKnownFileType = file.storyboard; name = Base; path = Base.lproj/LaunchScreen.storyboard; sourceTree = "<group>"; };
		AAE2DE6F1DB6E40A00476591 /* Info.plist */ = {isa = PBXFileReference; lastKnownFileType = text.plist.xml; path = Info.plist; sourceTree = "<group>"; };
/* End PBXFileReference section */

/* Begin PBXFrameworksBuildPhase section */
		AAE2DE5D1DB6E40A00476591 /* Frameworks */ = {
			isa = PBXFrameworksBuildPhase;
			buildActionMask = 2147483647;
			files = (
			);
			runOnlyForDeploymentPostprocessing = 0;
		};
/* End PBXFrameworksBuildPhase section */

/* Begin PBXGroup section */
		AAE2DE571DB6E40A00476591 = {
			isa = PBXGroup;
			children = (
				AAE2DE621DB6E40A00476591 /* Sesion2Modulo1 */,
				AAE2DE611DB6E40A00476591 /* Products */,
			);
			sourceTree = "<group>";
		};
		AAE2DE611DB6E40A00476591 /* Products */ = {
			isa = PBXGroup;
			children = (
				AAE2DE601DB6E40A00476591 /* Sesion2Modulo1.app */,
			);
			name = Products;
			sourceTree = "<group>";
		};
		AAE2DE621DB6E40A00476591 /* Sesion2Modulo1 */ = {
			isa = PBXGroup;
			children = (
				AAE2DE631DB6E40A00476591 /* AppDelegate.swift */,
				AAE2DE651DB6E40A00476591 /* ViewController.swift */,
				AAE2DE671DB6E40A00476591 /* Main.storyboard */,
				AAE2DE6A1DB6E40A00476591 /* Assets.xcassets */,
				AAE2DE6C1DB6E40A00476591 /* LaunchScreen.storyboard */,
				AAE2DE6F1DB6E40A00476591 /* Info.plist */,
			);
			path = Sesion2Modulo1;
			sourceTree = "<group>";
		};
/* End PBXGroup section */

/* Begin PBXNativeTarget section */
		AAE2DE5F1DB6E40A00476591 /* Sesion2Modulo1 */ = {
			isa = PBXNativeTarget;
			buildConfigurationList = AAE2DE721DB6E40A00476591 /* Build configuration list for PBXNativeTarget "Sesion2Modulo1" */;
			buildPhases = (
				AAE2DE5C1DB6E40A00476591 /* Sources */,
				AAE2DE5D1DB6E40A00476591 /* Frameworks */,
				AAE2DE5E1DB6E40A00476591 /* Resources */,
			);
			buildRules = (
			);
			dependencies = (
			);
			name = Sesion2Modulo1;
			productName = Sesion2Modulo1;
			productReference = AAE2DE601DB6E40A00476591 /* Sesion2Modulo1.app */;
			productType = "com.apple.product-type.application";
		};
/* End PBXNativeTarget section */

/* Begin PBXProject section */
		AAE2DE581DB6E40A00476591 /* Project object */ = {
			isa = PBXProject;
			attributes = {
				LastSwiftUpdateCheck = 0800;
				LastUpgradeCheck = 0800;
				ORGANIZATIONNAME = Area51;
				TargetAttributes = {
					AAE2DE5F1DB6E40A00476591 = {
						CreatedOnToolsVersion = 8.0;
						DevelopmentTeam = XJY6K7P63P;
						ProvisioningStyle = Automatic;
					};
				};
			};
			buildConfigurationList = AAE2DE5B1DB6E40A00476591 /* Build configuration list for PBXProject "Sesion2Modulo1" */;
			compatibilityVersion = "Xcode 3.2";
			developmentRegion = English;
			hasScannedForEncodings = 0;
			knownRegions = (
				en,
				Base,
			);
			mainGroup = AAE2DE571DB6E40A00476591;
			productRefGroup = AAE2DE611DB6E40A00476591 /* Products */;
			projectDirPath = "";
			projectRoot = "";
			targets = (
				AAE2DE5F1DB6E40A00476591 /* Sesion2Modulo1 */,
			);
		};
/* End PBXProject section */

/* Begin PBXResourcesBuildPhase section */
		AAE2DE5E1DB6E40A00476591 /* Resources */ = {
			isa = PBXResourcesBuildPhase;
			buildActionMask = 2147483647;
			files = (
				AAE2DE6E1DB6E40A00476591 /* LaunchScreen.storyboard in Resources */,
				AAE2DE6B1DB6E40A00476591 /* Assets.xcassets in Resources */,
				AAE2DE691DB6E40A00476591 /* Main.storyboard in Resources */,
			);
			runOnlyForDeploymentPostprocessing = 0;
		};
/* End PBXResourcesBuildPhase section */

/* Begin PBXSourcesBuildPhase section */
		AAE2DE5C1DB6E40A00476591 /* Sources */ = {
			isa = PBXSourcesBuildPhase;
			buildActionMask = 2147483647;
			files = (
				AAE2DE661DB6E40A00476591 /* ViewController.swift in Sources */,
				AAE2DE641DB6E40A00476591 /* AppDelegate.swift in Sources */,
			);
			runOnlyForDeploymentPostprocessing = 0;
		};
/* End PBXSourcesBuildPhase section */

/* Begin PBXVariantGroup section */
		AAE2DE671DB6E40A00476591 /* Main.storyboard */ = {
			isa = PBXVariantGroup;
			children = (
				AAE2DE681DB6E40A00476591 /* Base */,
			);
			name = Main.storyboard;
			sourceTree = "<group>";
		};
		AAE2DE6C1DB6E40A00476591 /* LaunchScreen.storyboard */ = {
			isa = PBXVariantGroup;
			children = (
				AAE2DE6D1DB6E40A00476591 /* Base */,
			);
			name = LaunchScreen.storyboard;
			sourceTree = "<group>";
		};
/* End PBXVariantGroup section */

/* Begin XCBuildConfiguration section */
		AAE2DE701DB6E40A00476591 /* Debug */ = {
			isa = XCBuildConfiguration;
			buildSettings = {
				ALWAYS_SEARCH_USER_PATHS = NO;
				CLANG_ANALYZER_NONNULL = YES;
				CLANG_CXX_LANGUAGE_STANDARD = "gnu++0x";
				CLANG_CXX_LIBRARY = "libc++";
				CLANG_ENABLE_MODULES = YES;
				CLANG_ENABLE_OBJC_ARC = YES;
				CLANG_WARN_BOOL_CONVERSION = YES;
				CLANG_WARN_CONSTANT_CONVERSION = YES;
				CLANG_WARN_DIRECT_OBJC_ISA_USAGE = YES_ERROR;
				CLANG_WARN_DOCUMENTATION_COMMENTS = YES;
				CLANG_WARN_EMPTY_BODY = YES;
				CLANG_WARN_ENUM_CONVERSION = YES;
				CLANG_WARN_INFINITE_RECURSION = YES;
				CLANG_WARN_INT_CONVERSION = YES;
				CLANG_WARN_OBJC_ROOT_CLASS = YES_ERROR;
				CLANG_WARN_SUSPICIOUS_MOVES = YES;
				CLANG_WARN_UNREACHABLE_CODE = YES;
				CLANG_WARN__DUPLICATE_METHOD_MATCH = YES;
				"CODE_SIGN_IDENTITY[sdk=iphoneos*]" = "iPhone Developer";
				COPY_PHASE_STRIP = NO;
				DEBUG_INFORMATION_FORMAT = dwarf;
				ENABLE_STRICT_OBJC_MSGSEND = YES;
				ENABLE_TESTABILITY = YES;
				GCC_C_LANGUAGE_STANDARD = gnu99;
				GCC_DYNAMIC_NO_PIC = NO;
				GCC_NO_COMMON_BLOCKS = YES;
				GCC_OPTIMIZATION_LEVEL = 0;
				GCC_PREPROCESSOR_DEFINITIONS = (
					"DEBUG=1",
					"$(inherited)",
				);
				GCC_WARN_64_TO_32_BIT_CONVERSION = YES;
				GCC_WARN_ABOUT_RETURN_TYPE = YES_ERROR;
				GCC_WARN_UNDECLARED_SELECTOR = YES;
				GCC_WARN_UNINITIALIZED_AUTOS = YES_AGGRESSIVE;
				GCC_WARN_UNUSED_FUNCTION = YES;
				GCC_WARN_UNUSED_VARIABLE = YES;
				IPHONEOS_DEPLOYMENT_TARGET = 10.0;
				MTL_ENABLE_DEBUG_INFO = YES;
				ONLY_ACTIVE_ARCH = YES;
				SDKROOT = iphoneos;
				SWIFT_ACTIVE_COMPILATION_CONDITIONS = DEBUG;
				SWIFT_OPTIMIZATION_LEVEL = "-Onone";
				TARGETED_DEVICE_FAMILY = "1,2";
			};
			name = Debug;
		};
		AAE2DE711DB6E40A00476591 /* Release */ = {
			isa = XCBuildConfiguration;
			buildSettings = {
				ALWAYS_SEARCH_USER_PATHS = NO;
				CLANG_ANALYZER_NONNULL = YES;
				CLANG_CXX_LANGUAGE_STANDARD = "gnu++0x";
				CLANG_CXX_LIBRARY = "libc++";
				CLANG_ENABLE_MODULES = YES;
				CLANG_ENABLE_OBJC_ARC = YES;
				CLANG_WARN_BOOL_CONVERSION = YES;
				CLANG_WARN_CONSTANT_CONVERSION = YES;
				CLANG_WARN_DIRECT_OBJC_ISA_USAGE = YES_ERROR;
				CLANG_WARN_DOCUMENTATION_COMMENTS = YES;
				CLANG_WARN_EMPTY_BODY = YES;
				CLANG_WARN_ENUM_CONVERSION = YES;
				CLANG_WARN_INFINITE_RECURSION = YES;
				CLANG_WARN_INT_CONVERSION = YES;
				CLANG_WARN_OBJC_ROOT_CLASS = YES_ERROR;
				CLANG_WARN_SUSPICIOUS_MOVES = YES;
				CLANG_WARN_UNREACHABLE_CODE = YES;
				CLANG_WARN__DUPLICATE_METHOD_MATCH = YES;
				"CODE_SIGN_IDENTITY[sdk=iphoneos*]" = "iPhone Developer";
				COPY_PHASE_STRIP = NO;
				DEBUG_INFORMATION_FORMAT = "dwarf-with-dsym";
				ENABLE_NS_ASSERTIONS = NO;
				ENABLE_STRICT_OBJC_MSGSEND = YES;
				GCC_C_LANGUAGE_STANDARD = gnu99;
				GCC_NO_COMMON_BLOCKS = YES;
				GCC_WARN_64_TO_32_BIT_CONVERSION = YES;
				GCC_WARN_ABOUT_RETURN_TYPE = YES_ERROR;
				GCC_WARN_UNDECLARED_SELECTOR = YES;
				GCC_WARN_UNINITIALIZED_AUTOS = YES_AGGRESSIVE;
				GCC_WARN_UNUSED_FUNCTION = YES;
				GCC_WARN_UNUSED_VARIABLE = YES;
				IPHONEOS_DEPLOYMENT_TARGET = 10.0;
				MTL_ENABLE_DEBUG_INFO = NO;
				SDKROOT = iphoneos;
				SWIFT_OPTIMIZATION_LEVEL = "-Owholemodule";
				TARGETED_DEVICE_FAMILY = "1,2";
				VALIDATE_PRODUCT = YES;
			};
			name = Release;
		};
		AAE2DE731DB6E40A00476591 /* Debug */ = {
			isa = XCBuildConfiguration;
			buildSettings = {
				ASSETCATALOG_COMPILER_APPICON_NAME = AppIcon;
				DEVELOPMENT_TEAM = XJY6K7P63P;
				INFOPLIST_FILE = Sesion2Modulo1/Info.plist;
				IPHONEOS_DEPLOYMENT_TARGET = 9.1;
				LD_RUNPATH_SEARCH_PATHS = "$(inherited) @executable_path/Frameworks";
				PRODUCT_BUNDLE_IDENTIFIER = com.davidvpe.Sesion2Modulo1;
				PRODUCT_NAME = "$(TARGET_NAME)";
				SWIFT_VERSION = 3.0;
			};
			name = Debug;
		};
		AAE2DE741DB6E40A00476591 /* Release */ = {
			isa = XCBuildConfiguration;
			buildSettings = {
				ASSETCATALOG_COMPILER_APPICON_NAME = AppIcon;
				DEVELOPMENT_TEAM = XJY6K7P63P;
				INFOPLIST_FILE = Sesion2Modulo1/Info.plist;
				IPHONEOS_DEPLOYMENT_TARGET = 9.1;
				LD_RUNPATH_SEARCH_PATHS = "$(inherited) @executable_path/Frameworks";
				PRODUCT_BUNDLE_IDENTIFIER = com.davidvpe.Sesion2Modulo1;
				PRODUCT_NAME = "$(TARGET_NAME)";
				SWIFT_VERSION = 3.0;
			};
			name = Release;
		};
/* End XCBuildConfiguration section */

/* Begin XCConfigurationList section */
		AAE2DE5B1DB6E40A00476591 /* Build configuration list for PBXProject "Sesion2Modulo1" */ = {
			isa = XCConfigurationList;
			buildConfigurations = (
				AAE2DE701DB6E40A00476591 /* Debug */,
				AAE2DE711DB6E40A00476591 /* Release */,
			);
			defaultConfigurationIsVisible = 0;
			defaultConfigurationName = Release;
		};
		AAE2DE721DB6E40A00476591 /* Build configuration list for PBXNativeTarget "Sesion2Modulo1" */ = {
			isa = XCConfigurationList;
			buildConfigurations = (
				AAE2DE731DB6E40A00476591 /* Debug */,
				AAE2DE741DB6E40A00476591 /* Release */,
			);
			defaultConfigurationIsVisible = 0;
			defaultConfigurationName = Release;
		};
/* End XCConfigurationList section */
	};
	rootObject = AAE2DE581DB6E40A00476591 /* Project object */;
}
